// !$*UTF8*$!
{
	archiveVersion = 1;
	classes = {
	};
	objectVersion = 48;
	objects = {

/* Begin PBXBuildFile section */
		55799A872091FAFB00E9A21D /* PublicApi.swift in Sources */ = {isa = PBXBuildFile; fileRef = 55799A862091FAFB00E9A21D /* PublicApi.swift */; };
		55799A882091FAFB00E9A21D /* PublicApi.swift in Sources */ = {isa = PBXBuildFile; fileRef = 55799A862091FAFB00E9A21D /* PublicApi.swift */; };
		55799A8A2092024300E9A21D /* Ticker.swift in Sources */ = {isa = PBXBuildFile; fileRef = 55799A892092024300E9A21D /* Ticker.swift */; };
		55799A8B2092024300E9A21D /* Ticker.swift in Sources */ = {isa = PBXBuildFile; fileRef = 55799A892092024300E9A21D /* Ticker.swift */; };
		557E16C42091EF6D00016711 /* AppDelegate.swift in Sources */ = {isa = PBXBuildFile; fileRef = 557E16C32091EF6D00016711 /* AppDelegate.swift */; };
		557E16C62091EF6D00016711 /* ViewController.swift in Sources */ = {isa = PBXBuildFile; fileRef = 557E16C52091EF6D00016711 /* ViewController.swift */; };
		557E16C92091EF6D00016711 /* Main.storyboard in Resources */ = {isa = PBXBuildFile; fileRef = 557E16C72091EF6D00016711 /* Main.storyboard */; };
		557E16CC2091EF6D00016711 /* MyBitChecker.xcdatamodeld in Sources */ = {isa = PBXBuildFile; fileRef = 557E16CA2091EF6D00016711 /* MyBitChecker.xcdatamodeld */; };
		557E16CE2091EF6D00016711 /* Assets.xcassets in Resources */ = {isa = PBXBuildFile; fileRef = 557E16CD2091EF6D00016711 /* Assets.xcassets */; };
		557E16D12091EF6D00016711 /* LaunchScreen.storyboard in Resources */ = {isa = PBXBuildFile; fileRef = 557E16CF2091EF6D00016711 /* LaunchScreen.storyboard */; };
		557E16DF2091F02100016711 /* NotificationCenter.framework in Frameworks */ = {isa = PBXBuildFile; fileRef = 557E16DE2091F02100016711 /* NotificationCenter.framework */; };
		557E16E22091F02100016711 /* TodayViewController.swift in Sources */ = {isa = PBXBuildFile; fileRef = 557E16E12091F02100016711 /* TodayViewController.swift */; };
		557E16E52091F02100016711 /* MainInterface.storyboard in Resources */ = {isa = PBXBuildFile; fileRef = 557E16E32091F02100016711 /* MainInterface.storyboard */; };
		557E16E92091F02100016711 /* MyBitCheckerExtension.appex in Embed App Extensions */ = {isa = PBXBuildFile; fileRef = 557E16DC2091F02100016711 /* MyBitCheckerExtension.appex */; settings = {ATTRIBUTES = (RemoveHeadersOnCopy, ); }; };
		73D149E8EC288DD10659A98B /* Pods_MyBitChecker.framework in Frameworks */ = {isa = PBXBuildFile; fileRef = 86A4D8FD998BD2F7F61A3A44 /* Pods_MyBitChecker.framework */; };
		DAA36CF9A9281FF643852ED1 /* Pods_MyBitCheckerExtension.framework in Frameworks */ = {isa = PBXBuildFile; fileRef = FBD563C76198BA5C4B627F38 /* Pods_MyBitCheckerExtension.framework */; };
/* End PBXBuildFile section */

/* Begin PBXContainerItemProxy section */
		557E16E72091F02100016711 /* PBXContainerItemProxy */ = {
			isa = PBXContainerItemProxy;
			containerPortal = 557E16B82091EF6C00016711 /* Project object */;
			proxyType = 1;
			remoteGlobalIDString = 557E16DB2091F02100016711;
			remoteInfo = MyBitCheckerExtension;
		};
/* End PBXContainerItemProxy section */

/* Begin PBXCopyFilesBuildPhase section */
		557E16ED2091F02100016711 /* Embed App Extensions */ = {
			isa = PBXCopyFilesBuildPhase;
			buildActionMask = 2147483647;
			dstPath = "";
			dstSubfolderSpec = 13;
			files = (
				557E16E92091F02100016711 /* MyBitCheckerExtension.appex in Embed App Extensions */,
			);
			name = "Embed App Extensions";
			runOnlyForDeploymentPostprocessing = 0;
		};
/* End PBXCopyFilesBuildPhase section */

/* Begin PBXFileReference section */
		497D48A176845BA741D79725 /* Pods-MyBitChecker.debug.xcconfig */ = {isa = PBXFileReference; includeInIndex = 1; lastKnownFileType = text.xcconfig; name = "Pods-MyBitChecker.debug.xcconfig"; path = "Pods/Target Support Files/Pods-MyBitChecker/Pods-MyBitChecker.debug.xcconfig"; sourceTree = "<group>"; };
		525C8AA9FA22CA2A0A264417 /* Pods-MyBitCheckerExtension.debug.xcconfig */ = {isa = PBXFileReference; includeInIndex = 1; lastKnownFileType = text.xcconfig; name = "Pods-MyBitCheckerExtension.debug.xcconfig"; path = "Pods/Target Support Files/Pods-MyBitCheckerExtension/Pods-MyBitCheckerExtension.debug.xcconfig"; sourceTree = "<group>"; };
		55799A862091FAFB00E9A21D /* PublicApi.swift */ = {isa = PBXFileReference; lastKnownFileType = sourcecode.swift; path = PublicApi.swift; sourceTree = "<group>"; };
		55799A892092024300E9A21D /* Ticker.swift */ = {isa = PBXFileReference; lastKnownFileType = sourcecode.swift; path = Ticker.swift; sourceTree = "<group>"; };
		557E16C02091EF6D00016711 /* MyBitChecker.app */ = {isa = PBXFileReference; explicitFileType = wrapper.application; includeInIndex = 0; path = MyBitChecker.app; sourceTree = BUILT_PRODUCTS_DIR; };
		557E16C32091EF6D00016711 /* AppDelegate.swift */ = {isa = PBXFileReference; lastKnownFileType = sourcecode.swift; path = AppDelegate.swift; sourceTree = "<group>"; };
		557E16C52091EF6D00016711 /* ViewController.swift */ = {isa = PBXFileReference; lastKnownFileType = sourcecode.swift; path = ViewController.swift; sourceTree = "<group>"; };
		557E16C82091EF6D00016711 /* Base */ = {isa = PBXFileReference; lastKnownFileType = file.storyboard; name = Base; path = Base.lproj/Main.storyboard; sourceTree = "<group>"; };
		557E16CB2091EF6D00016711 /* MyBitChecker.xcdatamodel */ = {isa = PBXFileReference; lastKnownFileType = wrapper.xcdatamodel; path = MyBitChecker.xcdatamodel; sourceTree = "<group>"; };
		557E16CD2091EF6D00016711 /* Assets.xcassets */ = {isa = PBXFileReference; lastKnownFileType = folder.assetcatalog; path = Assets.xcassets; sourceTree = "<group>"; };
		557E16D02091EF6D00016711 /* Base */ = {isa = PBXFileReference; lastKnownFileType = file.storyboard; name = Base; path = Base.lproj/LaunchScreen.storyboard; sourceTree = "<group>"; };
		557E16D22091EF6D00016711 /* Info.plist */ = {isa = PBXFileReference; lastKnownFileType = text.plist.xml; path = Info.plist; sourceTree = "<group>"; };
		557E16DC2091F02100016711 /* MyBitCheckerExtension.appex */ = {isa = PBXFileReference; explicitFileType = "wrapper.app-extension"; includeInIndex = 0; path = MyBitCheckerExtension.appex; sourceTree = BUILT_PRODUCTS_DIR; };
		557E16DE2091F02100016711 /* NotificationCenter.framework */ = {isa = PBXFileReference; lastKnownFileType = wrapper.framework; name = NotificationCenter.framework; path = System/Library/Frameworks/NotificationCenter.framework; sourceTree = SDKROOT; };
		557E16E12091F02100016711 /* TodayViewController.swift */ = {isa = PBXFileReference; lastKnownFileType = sourcecode.swift; path = TodayViewController.swift; sourceTree = "<group>"; };
		557E16E42091F02100016711 /* Base */ = {isa = PBXFileReference; lastKnownFileType = file.storyboard; name = Base; path = Base.lproj/MainInterface.storyboard; sourceTree = "<group>"; };
		557E16E62091F02100016711 /* Info.plist */ = {isa = PBXFileReference; lastKnownFileType = text.plist.xml; path = Info.plist; sourceTree = "<group>"; };
		63341D2666405C945A845AA9 /* Pods-MyBitCheckerExtension.release.xcconfig */ = {isa = PBXFileReference; includeInIndex = 1; lastKnownFileType = text.xcconfig; name = "Pods-MyBitCheckerExtension.release.xcconfig"; path = "Pods/Target Support Files/Pods-MyBitCheckerExtension/Pods-MyBitCheckerExtension.release.xcconfig"; sourceTree = "<group>"; };
		86A4D8FD998BD2F7F61A3A44 /* Pods_MyBitChecker.framework */ = {isa = PBXFileReference; explicitFileType = wrapper.framework; includeInIndex = 0; path = Pods_MyBitChecker.framework; sourceTree = BUILT_PRODUCTS_DIR; };
		A96CB04CDF0B68EC89E6EBCE /* Pods-MyBitChecker.release.xcconfig */ = {isa = PBXFileReference; includeInIndex = 1; lastKnownFileType = text.xcconfig; name = "Pods-MyBitChecker.release.xcconfig"; path = "Pods/Target Support Files/Pods-MyBitChecker/Pods-MyBitChecker.release.xcconfig"; sourceTree = "<group>"; };
		FBD563C76198BA5C4B627F38 /* Pods_MyBitCheckerExtension.framework */ = {isa = PBXFileReference; explicitFileType = wrapper.framework; includeInIndex = 0; path = Pods_MyBitCheckerExtension.framework; sourceTree = BUILT_PRODUCTS_DIR; };
/* End PBXFileReference section */

/* Begin PBXFrameworksBuildPhase section */
		557E16BD2091EF6D00016711 /* Frameworks */ = {
			isa = PBXFrameworksBuildPhase;
			buildActionMask = 2147483647;
			files = (
				73D149E8EC288DD10659A98B /* Pods_MyBitChecker.framework in Frameworks */,
			);
			runOnlyForDeploymentPostprocessing = 0;
		};
		557E16D92091F02100016711 /* Frameworks */ = {
			isa = PBXFrameworksBuildPhase;
			buildActionMask = 2147483647;
			files = (
				557E16DF2091F02100016711 /* NotificationCenter.framework in Frameworks */,
				DAA36CF9A9281FF643852ED1 /* Pods_MyBitCheckerExtension.framework in Frameworks */,
			);
			runOnlyForDeploymentPostprocessing = 0;
		};
/* End PBXFrameworksBuildPhase section */

/* Begin PBXGroup section */
		557E16B72091EF6C00016711 = {
			isa = PBXGroup;
			children = (
				557E16C22091EF6D00016711 /* MyBitChecker */,
				557E16E02091F02100016711 /* MyBitCheckerExtension */,
				557E16DD2091F02100016711 /* Frameworks */,
				557E16C12091EF6D00016711 /* Products */,
				EBC801DA62D3566C5DF57B34 /* Pods */,
			);
			sourceTree = "<group>";
		};
		557E16C12091EF6D00016711 /* Products */ = {
			isa = PBXGroup;
			children = (
				557E16C02091EF6D00016711 /* MyBitChecker.app */,
				557E16DC2091F02100016711 /* MyBitCheckerExtension.appex */,
			);
			name = Products;
			sourceTree = "<group>";
		};
		557E16C22091EF6D00016711 /* MyBitChecker */ = {
			isa = PBXGroup;
			children = (
				557E16C32091EF6D00016711 /* AppDelegate.swift */,
				557E16C52091EF6D00016711 /* ViewController.swift */,
				557E16C72091EF6D00016711 /* Main.storyboard */,
				557E16CD2091EF6D00016711 /* Assets.xcassets */,
				557E16CF2091EF6D00016711 /* LaunchScreen.storyboard */,
				557E16D22091EF6D00016711 /* Info.plist */,
				557E16CA2091EF6D00016711 /* MyBitChecker.xcdatamodeld */,
			);
			path = MyBitChecker;
			sourceTree = "<group>";
		};
		557E16DD2091F02100016711 /* Frameworks */ = {
			isa = PBXGroup;
			children = (
				557E16DE2091F02100016711 /* NotificationCenter.framework */,
				86A4D8FD998BD2F7F61A3A44 /* Pods_MyBitChecker.framework */,
				FBD563C76198BA5C4B627F38 /* Pods_MyBitCheckerExtension.framework */,
			);
			name = Frameworks;
			sourceTree = "<group>";
		};
		557E16E02091F02100016711 /* MyBitCheckerExtension */ = {
			isa = PBXGroup;
			children = (
				557E16E12091F02100016711 /* TodayViewController.swift */,
				557E16E32091F02100016711 /* MainInterface.storyboard */,
				557E16E62091F02100016711 /* Info.plist */,
				55799A862091FAFB00E9A21D /* PublicApi.swift */,
				55799A892092024300E9A21D /* Ticker.swift */,
			);
			path = MyBitCheckerExtension;
			sourceTree = "<group>";
		};
		EBC801DA62D3566C5DF57B34 /* Pods */ = {
			isa = PBXGroup;
			children = (
				497D48A176845BA741D79725 /* Pods-MyBitChecker.debug.xcconfig */,
				A96CB04CDF0B68EC89E6EBCE /* Pods-MyBitChecker.release.xcconfig */,
				525C8AA9FA22CA2A0A264417 /* Pods-MyBitCheckerExtension.debug.xcconfig */,
				63341D2666405C945A845AA9 /* Pods-MyBitCheckerExtension.release.xcconfig */,
			);
			name = Pods;
			sourceTree = "<group>";
		};
/* End PBXGroup section */

/* Begin PBXNativeTarget section */
		557E16BF2091EF6D00016711 /* MyBitChecker */ = {
			isa = PBXNativeTarget;
			buildConfigurationList = 557E16D52091EF6D00016711 /* Build configuration list for PBXNativeTarget "MyBitChecker" */;
			buildPhases = (
				29DE57F19942DA698ADE2573 /* [CP] Check Pods Manifest.lock */,
				557E16BC2091EF6D00016711 /* Sources */,
				557E16BD2091EF6D00016711 /* Frameworks */,
				557E16BE2091EF6D00016711 /* Resources */,
				557E16ED2091F02100016711 /* Embed App Extensions */,
				CAA98DE3259FCE072F1368BD /* [CP] Embed Pods Frameworks */,
				5C3DDBDAEBE9C233847FC9BC /* [CP] Copy Pods Resources */,
			);
			buildRules = (
			);
			dependencies = (
				557E16E82091F02100016711 /* PBXTargetDependency */,
			);
			name = MyBitChecker;
			productName = MyBitChecker;
			productReference = 557E16C02091EF6D00016711 /* MyBitChecker.app */;
			productType = "com.apple.product-type.application";
		};
		557E16DB2091F02100016711 /* MyBitCheckerExtension */ = {
			isa = PBXNativeTarget;
			buildConfigurationList = 557E16EA2091F02100016711 /* Build configuration list for PBXNativeTarget "MyBitCheckerExtension" */;
			buildPhases = (
				02F13BDF011DBA6BC8E6EF59 /* [CP] Check Pods Manifest.lock */,
				557E16D82091F02100016711 /* Sources */,
				557E16D92091F02100016711 /* Frameworks */,
				557E16DA2091F02100016711 /* Resources */,
				F6F70DFF69D5035216843B1E /* [CP] Copy Pods Resources */,
			);
			buildRules = (
			);
			dependencies = (
			);
			name = MyBitCheckerExtension;
			productName = MyBitCheckerExtension;
			productReference = 557E16DC2091F02100016711 /* MyBitCheckerExtension.appex */;
			productType = "com.apple.product-type.app-extension";
		};
/* End PBXNativeTarget section */

/* Begin PBXProject section */
		557E16B82091EF6C00016711 /* Project object */ = {
			isa = PBXProject;
			attributes = {
				LastSwiftUpdateCheck = 0920;
				LastUpgradeCheck = 0920;
				ORGANIZATIONNAME = "齋藤　航平";
				TargetAttributes = {
					557E16BF2091EF6D00016711 = {
						CreatedOnToolsVersion = 9.2;
						ProvisioningStyle = Automatic;
					};
					557E16DB2091F02100016711 = {
						CreatedOnToolsVersion = 9.2;
						ProvisioningStyle = Automatic;
					};
				};
			};
			buildConfigurationList = 557E16BB2091EF6C00016711 /* Build configuration list for PBXProject "MyBitChecker" */;
			compatibilityVersion = "Xcode 8.0";
			developmentRegion = en;
			hasScannedForEncodings = 0;
			knownRegions = (
				en,
				Base,
			);
			mainGroup = 557E16B72091EF6C00016711;
			productRefGroup = 557E16C12091EF6D00016711 /* Products */;
			projectDirPath = "";
			projectRoot = "";
			targets = (
				557E16BF2091EF6D00016711 /* MyBitChecker */,
				557E16DB2091F02100016711 /* MyBitCheckerExtension */,
			);
		};
/* End PBXProject section */

/* Begin PBXResourcesBuildPhase section */
		557E16BE2091EF6D00016711 /* Resources */ = {
			isa = PBXResourcesBuildPhase;
			buildActionMask = 2147483647;
			files = (
				557E16D12091EF6D00016711 /* LaunchScreen.storyboard in Resources */,
				557E16CE2091EF6D00016711 /* Assets.xcassets in Resources */,
				557E16C92091EF6D00016711 /* Main.storyboard in Resources */,
			);
			runOnlyForDeploymentPostprocessing = 0;
		};
		557E16DA2091F02100016711 /* Resources */ = {
			isa = PBXResourcesBuildPhase;
			buildActionMask = 2147483647;
			files = (
				557E16E52091F02100016711 /* MainInterface.storyboard in Resources */,
			);
			runOnlyForDeploymentPostprocessing = 0;
		};
/* End PBXResourcesBuildPhase section */

/* Begin PBXShellScriptBuildPhase section */
		02F13BDF011DBA6BC8E6EF59 /* [CP] Check Pods Manifest.lock */ = {
			isa = PBXShellScriptBuildPhase;
			buildActionMask = 2147483647;
			files = (
			);
			inputPaths = (
			);
			name = "[CP] Check Pods Manifest.lock";
			outputPaths = (
			);
			runOnlyForDeploymentPostprocessing = 0;
			shellPath = /bin/sh;
			shellScript = "diff \"${PODS_ROOT}/../Podfile.lock\" \"${PODS_ROOT}/Manifest.lock\" > /dev/null\nif [ $? != 0 ] ; then\n    # print error to STDERR\n    echo \"error: The sandbox is not in sync with the Podfile.lock. Run 'pod install' or update your CocoaPods installation.\" >&2\n    exit 1\nfi\n";
			showEnvVarsInLog = 0;
		};
		29DE57F19942DA698ADE2573 /* [CP] Check Pods Manifest.lock */ = {
			isa = PBXShellScriptBuildPhase;
			buildActionMask = 2147483647;
			files = (
			);
			inputPaths = (
			);
			name = "[CP] Check Pods Manifest.lock";
			outputPaths = (
			);
			runOnlyForDeploymentPostprocessing = 0;
			shellPath = /bin/sh;
			shellScript = "diff \"${PODS_ROOT}/../Podfile.lock\" \"${PODS_ROOT}/Manifest.lock\" > /dev/null\nif [ $? != 0 ] ; then\n    # print error to STDERR\n    echo \"error: The sandbox is not in sync with the Podfile.lock. Run 'pod install' or update your CocoaPods installation.\" >&2\n    exit 1\nfi\n";
			showEnvVarsInLog = 0;
		};
		5C3DDBDAEBE9C233847FC9BC /* [CP] Copy Pods Resources */ = {
			isa = PBXShellScriptBuildPhase;
			buildActionMask = 2147483647;
			files = (
			);
			inputPaths = (
			);
			name = "[CP] Copy Pods Resources";
			outputPaths = (
			);
			runOnlyForDeploymentPostprocessing = 0;
			shellPath = /bin/sh;
			shellScript = "\"${SRCROOT}/Pods/Target Support Files/Pods-MyBitChecker/Pods-MyBitChecker-resources.sh\"\n";
			showEnvVarsInLog = 0;
		};
		CAA98DE3259FCE072F1368BD /* [CP] Embed Pods Frameworks */ = {
			isa = PBXShellScriptBuildPhase;
			buildActionMask = 2147483647;
			files = (
			);
			inputPaths = (
			);
			name = "[CP] Embed Pods Frameworks";
			outputPaths = (
			);
			runOnlyForDeploymentPostprocessing = 0;
			shellPath = /bin/sh;
			shellScript = "\"${SRCROOT}/Pods/Target Support Files/Pods-MyBitChecker/Pods-MyBitChecker-frameworks.sh\"\n";
			showEnvVarsInLog = 0;
		};
		F6F70DFF69D5035216843B1E /* [CP] Copy Pods Resources */ = {
			isa = PBXShellScriptBuildPhase;
			buildActionMask = 2147483647;
			files = (
			);
			inputPaths = (
			);
			name = "[CP] Copy Pods Resources";
			outputPaths = (
			);
			runOnlyForDeploymentPostprocessing = 0;
			shellPath = /bin/sh;
			shellScript = "\"${SRCROOT}/Pods/Target Support Files/Pods-MyBitCheckerExtension/Pods-MyBitCheckerExtension-resources.sh\"\n";
			showEnvVarsInLog = 0;
		};
/* End PBXShellScriptBuildPhase section */

/* Begin PBXSourcesBuildPhase section */
		557E16BC2091EF6D00016711 /* Sources */ = {
			isa = PBXSourcesBuildPhase;
			buildActionMask = 2147483647;
			files = (
				55799A872091FAFB00E9A21D /* PublicApi.swift in Sources */,
				557E16C62091EF6D00016711 /* ViewController.swift in Sources */,
				55799A8A2092024300E9A21D /* Ticker.swift in Sources */,
				557E16C42091EF6D00016711 /* AppDelegate.swift in Sources */,
				557E16CC2091EF6D00016711 /* MyBitChecker.xcdatamodeld in Sources */,
			);
			runOnlyForDeploymentPostprocessing = 0;
		};
		557E16D82091F02100016711 /* Sources */ = {
			isa = PBXSourcesBuildPhase;
			buildActionMask = 2147483647;
			files = (
				55799A882091FAFB00E9A21D /* PublicApi.swift in Sources */,
				55799A8B2092024300E9A21D /* Ticker.swift in Sources */,
				557E16E22091F02100016711 /* TodayViewController.swift in Sources */,
			);
			runOnlyForDeploymentPostprocessing = 0;
		};
/* End PBXSourcesBuildPhase section */

/* Begin PBXTargetDependency section */
		557E16E82091F02100016711 /* PBXTargetDependency */ = {
			isa = PBXTargetDependency;
			target = 557E16DB2091F02100016711 /* MyBitCheckerExtension */;
			targetProxy = 557E16E72091F02100016711 /* PBXContainerItemProxy */;
		};
/* End PBXTargetDependency section */

/* Begin PBXVariantGroup section */
		557E16C72091EF6D00016711 /* Main.storyboard */ = {
			isa = PBXVariantGroup;
			children = (
				557E16C82091EF6D00016711 /* Base */,
			);
			name = Main.storyboard;
			sourceTree = "<group>";
		};
		557E16CF2091EF6D00016711 /* LaunchScreen.storyboard */ = {
			isa = PBXVariantGroup;
			children = (
				557E16D02091EF6D00016711 /* Base */,
			);
			name = LaunchScreen.storyboard;
			sourceTree = "<group>";
		};
		557E16E32091F02100016711 /* MainInterface.storyboard */ = {
			isa = PBXVariantGroup;
			children = (
				557E16E42091F02100016711 /* Base */,
			);
			name = MainInterface.storyboard;
			sourceTree = "<group>";
		};
/* End PBXVariantGroup section */

/* Begin XCBuildConfiguration section */
		557E16D32091EF6D00016711 /* Debug */ = {
			isa = XCBuildConfiguration;
			buildSettings = {
				ALWAYS_SEARCH_USER_PATHS = NO;
				CLANG_ANALYZER_NONNULL = YES;
				CLANG_ANALYZER_NUMBER_OBJECT_CONVERSION = YES_AGGRESSIVE;
				CLANG_CXX_LANGUAGE_STANDARD = "gnu++14";
				CLANG_CXX_LIBRARY = "libc++";
				CLANG_ENABLE_MODULES = YES;
				CLANG_ENABLE_OBJC_ARC = YES;
				CLANG_WARN_BLOCK_CAPTURE_AUTORELEASING = YES;
				CLANG_WARN_BOOL_CONVERSION = YES;
				CLANG_WARN_COMMA = YES;
				CLANG_WARN_CONSTANT_CONVERSION = YES;
				CLANG_WARN_DIRECT_OBJC_ISA_USAGE = YES_ERROR;
				CLANG_WARN_DOCUMENTATION_COMMENTS = YES;
				CLANG_WARN_EMPTY_BODY = YES;
				CLANG_WARN_ENUM_CONVERSION = YES;
				CLANG_WARN_INFINITE_RECURSION = YES;
				CLANG_WARN_INT_CONVERSION = YES;
				CLANG_WARN_NON_LITERAL_NULL_CONVERSION = YES;
				CLANG_WARN_OBJC_LITERAL_CONVERSION = YES;
				CLANG_WARN_OBJC_ROOT_CLASS = YES_ERROR;
				CLANG_WARN_RANGE_LOOP_ANALYSIS = YES;
				CLANG_WARN_STRICT_PROTOTYPES = YES;
				CLANG_WARN_SUSPICIOUS_MOVE = YES;
				CLANG_WARN_UNGUARDED_AVAILABILITY = YES_AGGRESSIVE;
				CLANG_WARN_UNREACHABLE_CODE = YES;
				CLANG_WARN__DUPLICATE_METHOD_MATCH = YES;
				CODE_SIGN_IDENTITY = "iPhone Developer";
				COPY_PHASE_STRIP = NO;
				DEBUG_INFORMATION_FORMAT = dwarf;
				ENABLE_STRICT_OBJC_MSGSEND = YES;
				ENABLE_TESTABILITY = YES;
				GCC_C_LANGUAGE_STANDARD = gnu11;
				GCC_DYNAMIC_NO_PIC = NO;
				GCC_NO_COMMON_BLOCKS = YES;
				GCC_OPTIMIZATION_LEVEL = 0;
				GCC_PREPROCESSOR_DEFINITIONS = (
					"DEBUG=1",
					"$(inherited)",
				);
				GCC_WARN_64_TO_32_BIT_CONVERSION = YES;
				GCC_WARN_ABOUT_RETURN_TYPE = YES_ERROR;
				GCC_WARN_UNDECLARED_SELECTOR = YES;
				GCC_WARN_UNINITIALIZED_AUTOS = YES_AGGRESSIVE;
				GCC_WARN_UNUSED_FUNCTION = YES;
				GCC_WARN_UNUSED_VARIABLE = YES;
				IPHONEOS_DEPLOYMENT_TARGET = 11.2;
				MTL_ENABLE_DEBUG_INFO = YES;
				ONLY_ACTIVE_ARCH = YES;
				SDKROOT = iphoneos;
				SWIFT_ACTIVE_COMPILATION_CONDITIONS = DEBUG;
				SWIFT_OPTIMIZATION_LEVEL = "-Onone";
			};
			name = Debug;
		};
		557E16D42091EF6D00016711 /* Release */ = {
			isa = XCBuildConfiguration;
			buildSettings = {
				ALWAYS_SEARCH_USER_PATHS = NO;
				CLANG_ANALYZER_NONNULL = YES;
				CLANG_ANALYZER_NUMBER_OBJECT_CONVERSION = YES_AGGRESSIVE;
				CLANG_CXX_LANGUAGE_STANDARD = "gnu++14";
				CLANG_CXX_LIBRARY = "libc++";
				CLANG_ENABLE_MODULES = YES;
				CLANG_ENABLE_OBJC_ARC = YES;
				CLANG_WARN_BLOCK_CAPTURE_AUTORELEASING = YES;
				CLANG_WARN_BOOL_CONVERSION = YES;
				CLANG_WARN_COMMA = YES;
				CLANG_WARN_CONSTANT_CONVERSION = YES;
				CLANG_WARN_DIRECT_OBJC_ISA_USAGE = YES_ERROR;
				CLANG_WARN_DOCUMENTATION_COMMENTS = YES;
				CLANG_WARN_EMPTY_BODY = YES;
				CLANG_WARN_ENUM_CONVERSION = YES;
				CLANG_WARN_INFINITE_RECURSION = YES;
				CLANG_WARN_INT_CONVERSION = YES;
				CLANG_WARN_NON_LITERAL_NULL_CONVERSION = YES;
				CLANG_WARN_OBJC_LITERAL_CONVERSION = YES;
				CLANG_WARN_OBJC_ROOT_CLASS = YES_ERROR;
				CLANG_WARN_RANGE_LOOP_ANALYSIS = YES;
				CLANG_WARN_STRICT_PROTOTYPES = YES;
				CLANG_WARN_SUSPICIOUS_MOVE = YES;
				CLANG_WARN_UNGUARDED_AVAILABILITY = YES_AGGRESSIVE;
				CLANG_WARN_UNREACHABLE_CODE = YES;
				CLANG_WARN__DUPLICATE_METHOD_MATCH = YES;
				CODE_SIGN_IDENTITY = "iPhone Developer";
				COPY_PHASE_STRIP = NO;
				DEBUG_INFORMATION_FORMAT = "dwarf-with-dsym";
				ENABLE_NS_ASSERTIONS = NO;
				ENABLE_STRICT_OBJC_MSGSEND = YES;
				GCC_C_LANGUAGE_STANDARD = gnu11;
				GCC_NO_COMMON_BLOCKS = YES;
				GCC_WARN_64_TO_32_BIT_CONVERSION = YES;
				GCC_WARN_ABOUT_RETURN_TYPE = YES_ERROR;
				GCC_WARN_UNDECLARED_SELECTOR = YES;
				GCC_WARN_UNINITIALIZED_AUTOS = YES_AGGRESSIVE;
				GCC_WARN_UNUSED_FUNCTION = YES;
				GCC_WARN_UNUSED_VARIABLE = YES;
				IPHONEOS_DEPLOYMENT_TARGET = 11.2;
				MTL_ENABLE_DEBUG_INFO = NO;
				SDKROOT = iphoneos;
				SWIFT_OPTIMIZATION_LEVEL = "-Owholemodule";
				VALIDATE_PRODUCT = YES;
			};
			name = Release;
		};
		557E16D62091EF6D00016711 /* Debug */ = {
			isa = XCBuildConfiguration;
			baseConfigurationReference = 497D48A176845BA741D79725 /* Pods-MyBitChecker.debug.xcconfig */;
			buildSettings = {
				ALWAYS_EMBED_SWIFT_STANDARD_LIBRARIES = YES;
				ASSETCATALOG_COMPILER_APPICON_NAME = AppIcon;
				CODE_SIGN_STYLE = Automatic;
				DEVELOPMENT_TEAM = D3JQUY48JT;
				INFOPLIST_FILE = MyBitChecker/Info.plist;
				LD_RUNPATH_SEARCH_PATHS = "$(inherited) @executable_path/Frameworks";
				PRODUCT_BUNDLE_IDENTIFIER = jp.MyBitChecker;
				PRODUCT_NAME = "$(TARGET_NAME)";
				SWIFT_VERSION = 4.0;
				TARGETED_DEVICE_FAMILY = "1,2";
			};
			name = Debug;
		};
		557E16D72091EF6D00016711 /* Release */ = {
			isa = XCBuildConfiguration;
			baseConfigurationReference = A96CB04CDF0B68EC89E6EBCE /* Pods-MyBitChecker.release.xcconfig */;
			buildSettings = {
				ALWAYS_EMBED_SWIFT_STANDARD_LIBRARIES = YES;
				ASSETCATALOG_COMPILER_APPICON_NAME = AppIcon;
				CODE_SIGN_STYLE = Automatic;
				DEVELOPMENT_TEAM = D3JQUY48JT;
				INFOPLIST_FILE = MyBitChecker/Info.plist;
				LD_RUNPATH_SEARCH_PATHS = "$(inherited) @executable_path/Frameworks";
				PRODUCT_BUNDLE_IDENTIFIER = jp.MyBitChecker;
				PRODUCT_NAME = "$(TARGET_NAME)";
				SWIFT_VERSION = 4.0;
				TARGETED_DEVICE_FAMILY = "1,2";
			};
			name = Release;
		};
		557E16EB2091F02100016711 /* Debug */ = {
			isa = XCBuildConfiguration;
			baseConfigurationReference = 525C8AA9FA22CA2A0A264417 /* Pods-MyBitCheckerExtension.debug.xcconfig */;
			buildSettings = {
				CODE_SIGN_STYLE = Automatic;
				DEVELOPMENT_TEAM = D3JQUY48JT;
				INFOPLIST_FILE = MyBitCheckerExtension/Info.plist;
				LD_RUNPATH_SEARCH_PATHS = "$(inherited) @executable_path/Frameworks @executable_path/../../Frameworks";
				PRODUCT_BUNDLE_IDENTIFIER = jp.MyBitChecker.MyBitCheckerExtension;
				PRODUCT_NAME = "$(TARGET_NAME)";
				SKIP_INSTALL = YES;
				SWIFT_VERSION = 4.0;
				TARGETED_DEVICE_FAMILY = "1,2";
			};
			name = Debug;
		};
		557E16EC2091F02100016711 /* Release */ = {
			isa = XCBuildConfiguration;
			baseConfigurationReference = 63341D2666405C945A845AA9 /* Pods-MyBitCheckerExtension.release.xcconfig */;
			buildSettings = {
				CODE_SIGN_STYLE = Automatic;
				DEVELOPMENT_TEAM = D3JQUY48JT;
				INFOPLIST_FILE = MyBitCheckerExtension/Info.plist;
				LD_RUNPATH_SEARCH_PATHS = "$(inherited) @executable_path/Frameworks @executable_path/../../Frameworks";
				PRODUCT_BUNDLE_IDENTIFIER = jp.MyBitChecker.MyBitCheckerExtension;
				PRODUCT_NAME = "$(TARGET_NAME)";
				SKIP_INSTALL = YES;
				SWIFT_VERSION = 4.0;
				TARGETED_DEVICE_FAMILY = "1,2";
			};
			name = Release;
		};
/* End XCBuildConfiguration section */

/* Begin XCConfigurationList section */
		557E16BB2091EF6C00016711 /* Build configuration list for PBXProject "MyBitChecker" */ = {
			isa = XCConfigurationList;
			buildConfigurations = (
				557E16D32091EF6D00016711 /* Debug */,
				557E16D42091EF6D00016711 /* Release */,
			);
			defaultConfigurationIsVisible = 0;
			defaultConfigurationName = Release;
		};
		557E16D52091EF6D00016711 /* Build configuration list for PBXNativeTarget "MyBitChecker" */ = {
			isa = XCConfigurationList;
			buildConfigurations = (
				557E16D62091EF6D00016711 /* Debug */,
				557E16D72091EF6D00016711 /* Release */,
			);
			defaultConfigurationIsVisible = 0;
			defaultConfigurationName = Release;
		};
		557E16EA2091F02100016711 /* Build configuration list for PBXNativeTarget "MyBitCheckerExtension" */ = {
			isa = XCConfigurationList;
			buildConfigurations = (
				557E16EB2091F02100016711 /* Debug */,
				557E16EC2091F02100016711 /* Release */,
			);
			defaultConfigurationIsVisible = 0;
			defaultConfigurationName = Release;
		};
/* End XCConfigurationList section */

/* Begin XCVersionGroup section */
		557E16CA2091EF6D00016711 /* MyBitChecker.xcdatamodeld */ = {
			isa = XCVersionGroup;
			children = (
				557E16CB2091EF6D00016711 /* MyBitChecker.xcdatamodel */,
			);
			currentVersion = 557E16CB2091EF6D00016711 /* MyBitChecker.xcdatamodel */;
			path = MyBitChecker.xcdatamodeld;
			sourceTree = "<group>";
			versionGroupType = wrapper.xcdatamodel;
		};
/* End XCVersionGroup section */
	};
	rootObject = 557E16B82091EF6C00016711 /* Project object */;
}
